// !$*UTF8*$!
{
	archiveVersion = 1;
	classes = {
	};
	objectVersion = 46;
	objects = {

/* Begin PBXBuildFile section */
		D25A0B471F4112CC006926E1 /* AppDelegate.swift in Sources */ = {isa = PBXBuildFile; fileRef = D25A0B461F4112CC006926E1 /* AppDelegate.swift */; };
		D25A0B491F4112CC006926E1 /* ViewController.swift in Sources */ = {isa = PBXBuildFile; fileRef = D25A0B481F4112CC006926E1 /* ViewController.swift */; };
		D25A0B4C1F4112CC006926E1 /* Main.storyboard in Resources */ = {isa = PBXBuildFile; fileRef = D25A0B4A1F4112CC006926E1 /* Main.storyboard */; };
		D25A0B4E1F4112CC006926E1 /* Assets.xcassets in Resources */ = {isa = PBXBuildFile; fileRef = D25A0B4D1F4112CC006926E1 /* Assets.xcassets */; };
		D25A0B511F4112CC006926E1 /* LaunchScreen.storyboard in Resources */ = {isa = PBXBuildFile; fileRef = D25A0B4F1F4112CC006926E1 /* LaunchScreen.storyboard */; };
		D25A0B591F4112F3006926E1 /* cachorro.png in Resources */ = {isa = PBXBuildFile; fileRef = D25A0B581F4112F3006926E1 /* cachorro.png */; };
/* End PBXBuildFile section */

/* Begin PBXFileReference section */
		D25A0B431F4112CC006926E1 /* IdadeCao.app */ = {isa = PBXFileReference; explicitFileType = wrapper.application; includeInIndex = 0; path = IdadeCao.app; sourceTree = BUILT_PRODUCTS_DIR; };
		D25A0B461F4112CC006926E1 /* AppDelegate.swift */ = {isa = PBXFileReference; lastKnownFileType = sourcecode.swift; path = AppDelegate.swift; sourceTree = "<group>"; };
		D25A0B481F4112CC006926E1 /* ViewController.swift */ = {isa = PBXFileReference; lastKnownFileType = sourcecode.swift; path = ViewController.swift; sourceTree = "<group>"; };
		D25A0B4B1F4112CC006926E1 /* Base */ = {isa = PBXFileReference; lastKnownFileType = file.storyboard; name = Base; path = Base.lproj/Main.storyboard; sourceTree = "<group>"; };
		D25A0B4D1F4112CC006926E1 /* Assets.xcassets */ = {isa = PBXFileReference; lastKnownFileType = folder.assetcatalog; path = Assets.xcassets; sourceTree = "<group>"; };
		D25A0B501F4112CC006926E1 /* Base */ = {isa = PBXFileReference; lastKnownFileType = file.storyboard; name = Base; path = Base.lproj/LaunchScreen.storyboard; sourceTree = "<group>"; };
		D25A0B521F4112CC006926E1 /* Info.plist */ = {isa = PBXFileReference; lastKnownFileType = text.plist.xml; path = Info.plist; sourceTree = "<group>"; };
		D25A0B581F4112F3006926E1 /* cachorro.png */ = {isa = PBXFileReference; lastKnownFileType = image.png; path = cachorro.png; sourceTree = "<group>"; };
/* End PBXFileReference section */

/* Begin PBXFrameworksBuildPhase section */
		D25A0B401F4112CC006926E1 /* Frameworks */ = {
			isa = PBXFrameworksBuildPhase;
			buildActionMask = 2147483647;
			files = (
			);
			runOnlyForDeploymentPostprocessing = 0;
		};
/* End PBXFrameworksBuildPhase section */

/* Begin PBXGroup section */
		D25A0B3A1F4112CB006926E1 = {
			isa = PBXGroup;
			children = (
				D25A0B451F4112CC006926E1 /* IdadeCao */,
				D25A0B441F4112CC006926E1 /* Products */,
			);
			sourceTree = "<group>";
		};
		D25A0B441F4112CC006926E1 /* Products */ = {
			isa = PBXGroup;
			children = (
				D25A0B431F4112CC006926E1 /* IdadeCao.app */,
			);
			name = Products;
			sourceTree = "<group>";
		};
		D25A0B451F4112CC006926E1 /* IdadeCao */ = {
			isa = PBXGroup;
			children = (
				D25A0B5A1F411330006926E1 /* Assets */,
				D25A0B461F4112CC006926E1 /* AppDelegate.swift */,
				D25A0B481F4112CC006926E1 /* ViewController.swift */,
				D25A0B4A1F4112CC006926E1 /* Main.storyboard */,
				D25A0B4D1F4112CC006926E1 /* Assets.xcassets */,
				D25A0B4F1F4112CC006926E1 /* LaunchScreen.storyboard */,
				D25A0B521F4112CC006926E1 /* Info.plist */,
			);
			path = IdadeCao;
			sourceTree = "<group>";
		};
		D25A0B5A1F411330006926E1 /* Assets */ = {
			isa = PBXGroup;
			children = (
				D25A0B581F4112F3006926E1 /* cachorro.png */,
			);
			name = Assets;
			sourceTree = "<group>";
		};
/* End PBXGroup section */

/* Begin PBXNativeTarget section */
		D25A0B421F4112CC006926E1 /* IdadeCao */ = {
			isa = PBXNativeTarget;
			buildConfigurationList = D25A0B551F4112CC006926E1 /* Build configuration list for PBXNativeTarget "IdadeCao" */;
			buildPhases = (
				D25A0B3F1F4112CC006926E1 /* Sources */,
				D25A0B401F4112CC006926E1 /* Frameworks */,
				D25A0B411F4112CC006926E1 /* Resources */,
			);
			buildRules = (
			);
			dependencies = (
			);
			name = IdadeCao;
			productName = IdadeCao;
			productReference = D25A0B431F4112CC006926E1 /* IdadeCao.app */;
			productType = "com.apple.product-type.application";
		};
/* End PBXNativeTarget section */

/* Begin PBXProject section */
		D25A0B3B1F4112CB006926E1 /* Project object */ = {
			isa = PBXProject;
			attributes = {
				LastSwiftUpdateCheck = 0830;
				LastUpgradeCheck = 0830;
				ORGANIZATIONNAME = "Alex Morais";
				TargetAttributes = {
					D25A0B421F4112CC006926E1 = {
						CreatedOnToolsVersion = 8.3.3;
						ProvisioningStyle = Automatic;
					};
				};
			};
			buildConfigurationList = D25A0B3E1F4112CB006926E1 /* Build configuration list for PBXProject "IdadeCao" */;
			compatibilityVersion = "Xcode 3.2";
			developmentRegion = English;
			hasScannedForEncodings = 0;
			knownRegions = (
				en,
				Base,
			);
			mainGroup = D25A0B3A1F4112CB006926E1;
			productRefGroup = D25A0B441F4112CC006926E1 /* Products */;
			projectDirPath = "";
			projectRoot = "";
			targets = (
				D25A0B421F4112CC006926E1 /* IdadeCao */,
			);
		};
/* End PBXProject section */

/* Begin PBXResourcesBuildPhase section */
		D25A0B411F4112CC006926E1 /* Resources */ = {
			isa = PBXResourcesBuildPhase;
			buildActionMask = 2147483647;
			files = (
				D25A0B591F4112F3006926E1 /* cachorro.png in Resources */,
				D25A0B511F4112CC006926E1 /* LaunchScreen.storyboard in Resources */,
				D25A0B4E1F4112CC006926E1 /* Assets.xcassets in Resources */,
				D25A0B4C1F4112CC006926E1 /* Main.storyboard in Resources */,
			);
			runOnlyForDeploymentPostprocessing = 0;
		};
/* End PBXResourcesBuildPhase section */

/* Begin PBXSourcesBuildPhase section */
		D25A0B3F1F4112CC006926E1 /* Sources */ = {
			isa = PBXSourcesBuildPhase;
			buildActionMask = 2147483647;
			files = (
				D25A0B491F4112CC006926E1 /* ViewController.swift in Sources */,
				D25A0B471F4112CC006926E1 /* AppDelegate.swift in Sources */,
			);
			runOnlyForDeploymentPostprocessing = 0;
		};
/* End PBXSourcesBuildPhase section */

/* Begin PBXVariantGroup section */
		D25A0B4A1F4112CC006926E1 /* Main.storyboard */ = {
			isa = PBXVariantGroup;
			children = (
				D25A0B4B1F4112CC006926E1 /* Base */,
			);
			name = Main.storyboard;
			sourceTree = "<group>";
		};
		D25A0B4F1F4112CC006926E1 /* LaunchScreen.storyboard */ = {
			isa = PBXVariantGroup;
			children = (
				D25A0B501F4112CC006926E1 /* Base */,
			);
			name = LaunchScreen.storyboard;
			sourceTree = "<group>";
		};
/* End PBXVariantGroup section */

/* Begin XCBuildConfiguration section */
		D25A0B531F4112CC006926E1 /* Debug */ = {
			isa = XCBuildConfiguration;
			buildSettings = {
				ALWAYS_SEARCH_USER_PATHS = NO;
				CLANG_ANALYZER_NONNULL = YES;
				CLANG_ANALYZER_NUMBER_OBJECT_CONVERSION = YES_AGGRESSIVE;
				CLANG_CXX_LANGUAGE_STANDARD = "gnu++0x";
				CLANG_CXX_LIBRARY = "libc++";
				CLANG_ENABLE_MODULES = YES;
				CLANG_ENABLE_OBJC_ARC = YES;
				CLANG_WARN_BOOL_CONVERSION = YES;
				CLANG_WARN_CONSTANT_CONVERSION = YES;
				CLANG_WARN_DIRECT_OBJC_ISA_USAGE = YES_ERROR;
				CLANG_WARN_DOCUMENTATION_COMMENTS = YES;
				CLANG_WARN_EMPTY_BODY = YES;
				CLANG_WARN_ENUM_CONVERSION = YES;
				CLANG_WARN_INFINITE_RECURSION = YES;
				CLANG_WARN_INT_CONVERSION = YES;
				CLANG_WARN_OBJC_ROOT_CLASS = YES_ERROR;
				CLANG_WARN_SUSPICIOUS_MOVE = YES;
				CLANG_WARN_UNREACHABLE_CODE = YES;
				CLANG_WARN__DUPLICATE_METHOD_MATCH = YES;
				"CODE_SIGN_IDENTITY[sdk=iphoneos*]" = "iPhone Developer";
				COPY_PHASE_STRIP = NO;
				DEBUG_INFORMATION_FORMAT = dwarf;
				ENABLE_STRICT_OBJC_MSGSEND = YES;
				ENABLE_TESTABILITY = YES;
				GCC_C_LANGUAGE_STANDARD = gnu99;
				GCC_DYNAMIC_NO_PIC = NO;
				GCC_NO_COMMON_BLOCKS = YES;
				GCC_OPTIMIZATION_LEVEL = 0;
				GCC_PREPROCESSOR_DEFINITIONS = (
					"DEBUG=1",
					"$(inherited)",
				);
				GCC_WARN_64_TO_32_BIT_CONVERSION = YES;
				GCC_WARN_ABOUT_RETURN_TYPE = YES_ERROR;
				GCC_WARN_UNDECLARED_SELECTOR = YES;
				GCC_WARN_UNINITIALIZED_AUTOS = YES_AGGRESSIVE;
				GCC_WARN_UNUSED_FUNCTION = YES;
				GCC_WARN_UNUSED_VARIABLE = YES;
				IPHONEOS_DEPLOYMENT_TARGET = 10.3;
				MTL_ENABLE_DEBUG_INFO = YES;
				ONLY_ACTIVE_ARCH = YES;
				SDKROOT = iphoneos;
				SWIFT_ACTIVE_COMPILATION_CONDITIONS = DEBUG;
				SWIFT_OPTIMIZATION_LEVEL = "-Onone";
				TARGETED_DEVICE_FAMILY = "1,2";
			};
			name = Debug;
		};
		D25A0B541F4112CC006926E1 /* Release */ = {
			isa = XCBuildConfiguration;
			buildSettings = {
				ALWAYS_SEARCH_USER_PATHS = NO;
				CLANG_ANALYZER_NONNULL = YES;
				CLANG_ANALYZER_NUMBER_OBJECT_CONVERSION = YES_AGGRESSIVE;
				CLANG_CXX_LANGUAGE_STANDARD = "gnu++0x";
				CLANG_CXX_LIBRARY = "libc++";
				CLANG_ENABLE_MODULES = YES;
				CLANG_ENABLE_OBJC_ARC = YES;
				CLANG_WARN_BOOL_CONVERSION = YES;
				CLANG_WARN_CONSTANT_CONVERSION = YES;
				CLANG_WARN_DIRECT_OBJC_ISA_USAGE = YES_ERROR;
				CLANG_WARN_DOCUMENTATION_COMMENTS = YES;
				CLANG_WARN_EMPTY_BODY = YES;
				CLANG_WARN_ENUM_CONVERSION = YES;
				CLANG_WARN_INFINITE_RECURSION = YES;
				CLANG_WARN_INT_CONVERSION = YES;
				CLANG_WARN_OBJC_ROOT_CLASS = YES_ERROR;
				CLANG_WARN_SUSPICIOUS_MOVE = YES;
				CLANG_WARN_UNREACHABLE_CODE = YES;
				CLANG_WARN__DUPLICATE_METHOD_MATCH = YES;
				"CODE_SIGN_IDENTITY[sdk=iphoneos*]" = "iPhone Developer";
				COPY_PHASE_STRIP = NO;
				DEBUG_INFORMATION_FORMAT = "dwarf-with-dsym";
				ENABLE_NS_ASSERTIONS = NO;
				ENABLE_STRICT_OBJC_MSGSEND = YES;
				GCC_C_LANGUAGE_STANDARD = gnu99;
				GCC_NO_COMMON_BLOCKS = YES;
				GCC_WARN_64_TO_32_BIT_CONVERSION = YES;
				GCC_WARN_ABOUT_RETURN_TYPE = YES_ERROR;
				GCC_WARN_UNDECLARED_SELECTOR = YES;
				GCC_WARN_UNINITIALIZED_AUTOS = YES_AGGRESSIVE;
				GCC_WARN_UNUSED_FUNCTION = YES;
				GCC_WARN_UNUSED_VARIABLE = YES;
				IPHONEOS_DEPLOYMENT_TARGET = 10.3;
				MTL_ENABLE_DEBUG_INFO = NO;
				SDKROOT = iphoneos;
				SWIFT_OPTIMIZATION_LEVEL = "-Owholemodule";
				TARGETED_DEVICE_FAMILY = "1,2";
				VALIDATE_PRODUCT = YES;
			};
			name = Release;
		};
		D25A0B561F4112CC006926E1 /* Debug */ = {
			isa = XCBuildConfiguration;
			buildSettings = {
				ASSETCATALOG_COMPILER_APPICON_NAME = AppIcon;
				INFOPLIST_FILE = IdadeCao/Info.plist;
				LD_RUNPATH_SEARCH_PATHS = "$(inherited) @executable_path/Frameworks";
				PRODUCT_BUNDLE_IDENTIFIER = caoIdade.IdadeCao;
				PRODUCT_NAME = "$(TARGET_NAME)";
				SWIFT_VERSION = 3.0;
			};
			name = Debug;
		};
		D25A0B571F4112CC006926E1 /* Release */ = {
			isa = XCBuildConfiguration;
			buildSettings = {
				ASSETCATALOG_COMPILER_APPICON_NAME = AppIcon;
				INFOPLIST_FILE = IdadeCao/Info.plist;
				LD_RUNPATH_SEARCH_PATHS = "$(inherited) @executable_path/Frameworks";
				PRODUCT_BUNDLE_IDENTIFIER = caoIdade.IdadeCao;
				PRODUCT_NAME = "$(TARGET_NAME)";
				SWIFT_VERSION = 3.0;
			};
			name = Release;
		};
/* End XCBuildConfiguration section */

/* Begin XCConfigurationList section */
		D25A0B3E1F4112CB006926E1 /* Build configuration list for PBXProject "IdadeCao" */ = {
			isa = XCConfigurationList;
			buildConfigurations = (
				D25A0B531F4112CC006926E1 /* Debug */,
				D25A0B541F4112CC006926E1 /* Release */,
			);
			defaultConfigurationIsVisible = 0;
			defaultConfigurationName = Release;
		};
		D25A0B551F4112CC006926E1 /* Build configuration list for PBXNativeTarget "IdadeCao" */ = {
			isa = XCConfigurationList;
			buildConfigurations = (
				D25A0B561F4112CC006926E1 /* Debug */,
				D25A0B571F4112CC006926E1 /* Release */,
			);
			defaultConfigurationIsVisible = 0;
		};
/* End XCConfigurationList section */
	};
	rootObject = D25A0B3B1F4112CB006926E1 /* Project object */;
}
